
Microsoft Visual Studio Solution File, Format Version 12.00
# Visual Studio Version 17
VisualStudioVersion = 17.7.34031.279
MinimumVisualStudioVersion = 10.0.40219.1
Project("{9A19103F-16F7-4668-BE54-9A1E7A4F7556}") = "HocAvalon", "HocAvalon\HocAvalon.csproj", "{6F6B5E81-DBFD-492F-BB00-8905CD089608}"
EndProject
Project("{9A19103F-16F7-4668-BE54-9A1E7A4F7556}") = "HocAvalon.Desktop", "HocAvalon.Desktop\HocAvalon.Desktop.csproj", "{D227116C-BFA7-400E-A765-BA4F04A4D2C5}"
EndProject
Project("{9A19103F-16F7-4668-BE54-9A1E7A4F7556}") = "DataBaseTest", "DataBaseTest\DataBaseTest.csproj", "{E07A5A60-91ED-432A-8013-469815810731}"
EndProject
Project("{9A19103F-16F7-4668-BE54-9A1E7A4F7556}") = "DataBaseTest.Desktop", "DataBaseTest.Desktop\DataBaseTest.Desktop.csproj", "{67CE28B5-BD1B-45CF-BBBB-07FFA10B955F}"
EndProject
Global
	GlobalSection(SolutionConfigurationPlatforms) = preSolution
		Debug|Any CPU = Debug|Any CPU
		Release|Any CPU = Release|Any CPU
	EndGlobalSection
	GlobalSection(ProjectConfigurationPlatforms) = postSolution
		{6F6B5E81-DBFD-492F-BB00-8905CD089608}.Debug|Any CPU.ActiveCfg = Debug|Any CPU
		{6F6B5E81-DBFD-492F-BB00-8905CD089608}.Debug|Any CPU.Build.0 = Debug|Any CPU
		{6F6B5E81-DBFD-492F-BB00-8905CD089608}.Release|Any CPU.ActiveCfg = Release|Any CPU
		{6F6B5E81-DBFD-492F-BB00-8905CD089608}.Release|Any CPU.Build.0 = Release|Any CPU
		{D227116C-BFA7-400E-A765-BA4F04A4D2C5}.Debug|Any CPU.ActiveCfg = Debug|Any CPU
		{D227116C-BFA7-400E-A765-BA4F04A4D2C5}.Debug|Any CPU.Build.0 = Debug|Any CPU
		{D227116C-BFA7-400E-A765-BA4F04A4D2C5}.Release|Any CPU.ActiveCfg = Release|Any CPU
		{D227116C-BFA7-400E-A765-BA4F04A4D2C5}.Release|Any CPU.Build.0 = Release|Any CPU
		{E07A5A60-91ED-432A-8013-469815810731}.Debug|Any CPU.ActiveCfg = Debug|Any CPU
		{E07A5A60-91ED-432A-8013-469815810731}.Debug|Any CPU.Build.0 = Debug|Any CPU
		{E07A5A60-91ED-432A-8013-469815810731}.Release|Any CPU.ActiveCfg = Release|Any CPU
		{E07A5A60-91ED-432A-8013-469815810731}.Release|Any CPU.Build.0 = Release|Any CPU
		{67CE28B5-BD1B-45CF-BBBB-07FFA10B955F}.Debug|Any CPU.ActiveCfg = Debug|Any CPU
		{67CE28B5-BD1B-45CF-BBBB-07FFA10B955F}.Debug|Any CPU.Build.0 = Debug|Any CPU
		{67CE28B5-BD1B-45CF-BBBB-07FFA10B955F}.Release|Any CPU.ActiveCfg = Release|Any CPU
		{67CE28B5-BD1B-45CF-BBBB-07FFA10B955F}.Release|Any CPU.Build.0 = Release|Any CPU
	EndGlobalSection
	GlobalSection(SolutionProperties) = preSolution
		HideSolutionNode = FALSE
	EndGlobalSection
	GlobalSection(ExtensibilityGlobals) = postSolution
		SolutionGuid = {C87AB78C-EB2A-422C-9394-13A4798402A8}
	EndGlobalSection
EndGlobal
